{"1.1.0",
[{<<"amqp_client">>,{pkg,<<"amqp_client">>,<<"3.6.9">>},0},
 {<<"base16">>,{pkg,<<"base16">>,<<"1.0.0">>},1},
 {<<"bear">>,{pkg,<<"bear">>,<<"0.8.5">>},2},
 {<<"cowboy">>,
  {git,"https://github.com/ninenines/cowboy.git",
       {ref,"e5a8088e68f29206e162ee0f25f45a55ce05fe04"}},
  0},
 {<<"cowlib">>,
  {git,"https://github.com/ninenines/cowlib",
       {ref,"bd37be4d3b065600c3b76b492535e76e5d413fc1"}},
  1},
 {<<"eini">>,{pkg,<<"eini">>,<<"1.2.4">>},1},
 {<<"elb">>,{pkg,<<"elb">>,<<"1.0.0">>},0},
 {<<"erlcloud">>,{pkg,<<"erlcloud">>,<<"2.2.4">>},0},
 {<<"exometer_core">>,{pkg,<<"exometer_core">>,<<"1.5.2">>},0},
 {<<"folsom">>,{pkg,<<"folsom">>,<<"0.8.5">>},1},
 {<<"gen_leader">>,{pkg,<<"gen_leader">>,<<"0.1.0">>},0},
 {<<"goldrush">>,{pkg,<<"goldrush">>,<<"0.1.9">>},1},
 {<<"gpb">>,{pkg,<<"gpb">>,<<"3.26.4">>},0},
 {<<"gproc">>,{pkg,<<"gproc">>,<<"0.6.1">>},0},
 {<<"gun">>,{pkg,<<"gun">>,<<"1.0.0-pre.1">>},0},
 {<<"hut">>,{pkg,<<"hut">>,<<"1.2.0">>},1},
 {<<"jsx">>,{pkg,<<"jsx">>,<<"2.8.2">>},0},
 {<<"lager">>,{pkg,<<"lager">>,<<"3.5.1">>},0},
 {<<"lhttpc">>,{pkg,<<"lhttpc">>,<<"1.5.1">>},1},
 {<<"meck">>,{pkg,<<"meck">>,<<"0.8.4">>},0},
 {<<"msgpack">>,{pkg,<<"msgpack">>,<<"0.6.0">>},0},
 {<<"observer_cli">>,{pkg,<<"observer_cli">>,<<"1.1.0">>},0},
 {<<"parse_trans">>,{pkg,<<"parse_trans">>,<<"3.0.0">>},1},
 {<<"rabbit_common">>,{pkg,<<"rabbit_common">>,<<"3.6.9">>},0},
 {<<"ranch">>,
  {git,"https://github.com/ninenines/ranch",
       {ref,"40809cd2b257a8a53bcb5588ecaa88cc5381ff5c"}},
  1},
 {<<"recon">>,{pkg,<<"recon">>,<<"2.3.2">>},0},
 {<<"setup">>,{pkg,<<"setup">>,<<"1.8.4">>},1}]}.
[
{pkg_hash,[
 {<<"amqp_client">>, <<"076D7C68ABC670D1BB44BBC357E4FBA991A3AB53CE6160EC43576C653849A643">>},
 {<<"base16">>, <<"283644E2B21BD5915ACB7178BED7851FB07C6E5749B8FAD68A53C501092176D9">>},
 {<<"bear">>, <<"E95FCA1627CD9E15BAF93CE0A52AFF16917BAF325F0EE65B88CD715376CD2344">>},
 {<<"eini">>, <<"ABD64A0533398A6D714D21219BB85F2D41FDB42665AC4080939B7BFA8E55F386">>},
 {<<"elb">>, <<"9FFFA30A13EED9C86CA7ADE8C7C5CF28EF063A179CE4A763B8C3B2F61DA144ED">>},
 {<<"erlcloud">>, <<"0A5FE1A086EEEA67CBC48CD10195C6AA2A4C83482BE8A10AE3AB7633C251DA74">>},
 {<<"exometer_core">>, <<"62A99A361BA8A14D53857D4C716A191E810299D2F43C5C981EB7B086C0BFCCE1">>},
 {<<"folsom">>, <<"94A027B56FE84FEED264F9B33CB4C6AC9A801FAD84B87DBDA0836CE83C3B8D69">>},
 {<<"gen_leader">>, <<"4EFF42117A135191A4CBEEB3DC8F7A288197A3BA19D29FAD21EB301B62891A62">>},
 {<<"goldrush">>, <<"F06E5D5F1277DA5C413E84D5A2924174182FB108DABB39D5EC548B27424CD106">>},
 {<<"gpb">>, <<"D7ABDEB17CF226F29BBC3BFBBE14281F35FDB34D6FB13A12819334AF3D1AF73F">>},
 {<<"gproc">>, <<"4579663E5677970758A05D8F65D13C3E9814EC707AD51D8DCEF7294EDA1A730C">>},
 {<<"gun">>, <<"28514327A7572234633E127C1C14C5D91991BC26EC16D3707F05962A31F0C1B5">>},
 {<<"hut">>, <<"0089DF0FAA2827C605BBADA88153F24FFF5EA7A4BE32ECF0250A7FDC2719CAFB">>},
 {<<"jsx">>, <<"7ACC7D785B5ABE8A6E9ADBDE926A24E481F29956DD8B4DF49E3E4E7BCC92A018">>},
 {<<"lager">>, <<"63897A61AF646C59BB928FEE9756CE8BDD02D5A1A2F3551D4A5E38386C2CC071">>},
 {<<"lhttpc">>, <<"2137CB82D123751B21CC0461A00734CD32CB470BC6278BA139EE13C1ECC3C2B1">>},
 {<<"meck">>, <<"59CA1CD971372AA223138EFCF9B29475BDE299E1953046A0C727184790AB1520">>},
 {<<"msgpack">>, <<"E6B40E87C2233174B4C7CEDA3BC6231DD0BCE39BF9D7E18226875EA821C624D5">>},
 {<<"observer_cli">>, <<"F3A47C22327424291758167DF3C4600DCF8BF34795A3787612019AA5B86A5C21">>},
 {<<"parse_trans">>, <<"9E96B1C9C3A0DF54E7B76F8F685D38BFA1EB21B31E042B1D1A5A70258E4DB1E3">>},
 {<<"rabbit_common">>, <<"D54E1BC366F5F553A75055DFC6C93F0025EFEE0322F98BDF8597AFF8482B996D">>},
 {<<"recon">>, <<"4444C879BE323B1B133EEC5241CB84BD3821EA194C740D75617E106BE4744318">>},
 {<<"setup">>, <<"738DB0685DC1741F45C6A9BF78478E0D5877F3D0876C0B50FD02F0210EDB5AA4">>}]}
].
